// !$*UTF8*$!
{
	archiveVersion = 1;
	classes = {
	};
	objectVersion = 46;
	objects = {

/* Begin PBXBuildFile section */
		6D857E861D6BB7D10046247D /* lodepng.cpp in Sources */ = {isa = PBXBuildFile; fileRef = 6D857E841D6BB7D10046247D /* lodepng.cpp */; };
		6D857E871D6BB7D10046247D /* lodepng.h in Headers */ = {isa = PBXBuildFile; fileRef = 6D857E851D6BB7D10046247D /* lodepng.h */; };
/* End PBXBuildFile section */

/* Begin PBXFileReference section */
		6D857E841D6BB7D10046247D /* lodepng.cpp */ = {isa = PBXFileReference; fileEncoding = 4; lastKnownFileType = sourcecode.cpp.cpp; name = lodepng.cpp; path = ../../../../Libraries/lodepng/lodepng.cpp; sourceTree = "<group>"; };
		6D857E851D6BB7D10046247D /* lodepng.h */ = {isa = PBXFileReference; fileEncoding = 4; lastKnownFileType = sourcecode.c.h; name = lodepng.h; path = ../../../../Libraries/lodepng/lodepng.h; sourceTree = "<group>"; };
		6DD34E071D67EAD20048EE9A /* liblodepng.a */ = {isa = PBXFileReference; explicitFileType = archive.ar; includeInIndex = 0; path = liblodepng.a; sourceTree = BUILT_PRODUCTS_DIR; };
/* End PBXFileReference section */

/* Begin PBXFrameworksBuildPhase section */
		6DD34E041D67EAD20048EE9A /* Frameworks */ = {
			isa = PBXFrameworksBuildPhase;
			buildActionMask = 2147483647;
			files = (
			);
			runOnlyForDeploymentPostprocessing = 0;
		};
/* End PBXFrameworksBuildPhase section */

/* Begin PBXGroup section */
		6DD34DFE1D67EAD20048EE9A = {
			isa = PBXGroup;
			children = (
				6DD34E091D67EAD20048EE9A /* lodepng */,
				6DD34E081D67EAD20048EE9A /* Products */,
			);
			sourceTree = "<group>";
		};
		6DD34E081D67EAD20048EE9A /* Products */ = {
			isa = PBXGroup;
			children = (
				6DD34E071D67EAD20048EE9A /* liblodepng.a */,
			);
			name = Products;
			sourceTree = "<group>";
		};
		6DD34E091D67EAD20048EE9A /* lodepng */ = {
			isa = PBXGroup;
			children = (
				6D857E841D6BB7D10046247D /* lodepng.cpp */,
				6D857E851D6BB7D10046247D /* lodepng.h */,
			);
			path = lodepng;
			sourceTree = "<group>";
		};
/* End PBXGroup section */

/* Begin PBXHeadersBuildPhase section */
		6DD34E051D67EAD20048EE9A /* Headers */ = {
			isa = PBXHeadersBuildPhase;
			buildActionMask = 2147483647;
			files = (
				6D857E871D6BB7D10046247D /* lodepng.h in Headers */,
			);
			runOnlyForDeploymentPostprocessing = 0;
		};
/* End PBXHeadersBuildPhase section */

/* Begin PBXNativeTarget section */
		6DD34E061D67EAD20048EE9A /* lodepng */ = {
			isa = PBXNativeTarget;
			buildConfigurationList = 6DD34E121D67EAD20048EE9A /* Build configuration list for PBXNativeTarget "lodepng" */;
			buildPhases = (
				6DD34E031D67EAD20048EE9A /* Sources */,
				6DD34E041D67EAD20048EE9A /* Frameworks */,
				6DD34E051D67EAD20048EE9A /* Headers */,
			);
			buildRules = (
			);
			dependencies = (
			);
			name = lodepng;
			productName = lodepng;
			productReference = 6DD34E071D67EAD20048EE9A /* liblodepng.a */;
			productType = "com.apple.product-type.library.static";
		};
/* End PBXNativeTarget section */

/* Begin PBXProject section */
		6DD34DFF1D67EAD20048EE9A /* Project object */ = {
			isa = PBXProject;
			attributes = {
				LastUpgradeCheck = 0730;
				ORGANIZATIONNAME = "Adilson Tavares";
				TargetAttributes = {
					6DD34E061D67EAD20048EE9A = {
						CreatedOnToolsVersion = 7.3.1;
					};
				};
			};
			buildConfigurationList = 6DD34E021D67EAD20048EE9A /* Build configuration list for PBXProject "lodepng" */;
			compatibilityVersion = "Xcode 3.2";
			developmentRegion = English;
			hasScannedForEncodings = 0;
			knownRegions = (
				en,
			);
			mainGroup = 6DD34DFE1D67EAD20048EE9A;
			productRefGroup = 6DD34E081D67EAD20048EE9A /* Products */;
			projectDirPath = "";
			projectRoot = "";
			targets = (
				6DD34E061D67EAD20048EE9A /* lodepng */,
			);
		};
/* End PBXProject section */

/* Begin PBXSourcesBuildPhase section */
		6DD34E031D67EAD20048EE9A /* Sources */ = {
			isa = PBXSourcesBuildPhase;
			buildActionMask = 2147483647;
			files = (
				6D857E861D6BB7D10046247D /* lodepng.cpp in Sources */,
			);
			runOnlyForDeploymentPostprocessing = 0;
		};
/* End PBXSourcesBuildPhase section */

/* Begin XCBuildConfiguration section */
		6DD34E101D67EAD20048EE9A /* Debug */ = {
			isa = XCBuildConfiguration;
			buildSettings = {
				ALWAYS_SEARCH_USER_PATHS = NO;
				CLANG_ANALYZER_NONNULL = YES;
				CLANG_CXX_LANGUAGE_STANDARD = "gnu++0x";
				CLANG_CXX_LIBRARY = "libc++";
				CLANG_ENABLE_MODULES = YES;
				CLANG_ENABLE_OBJC_ARC = YES;
				CLANG_WARN_BOOL_CONVERSION = YES;
				CLANG_WARN_CONSTANT_CONVERSION = YES;
				CLANG_WARN_DIRECT_OBJC_ISA_USAGE = YES_ERROR;
				CLANG_WARN_EMPTY_BODY = YES;
				CLANG_WARN_ENUM_CONVERSION = YES;
				CLANG_WARN_INT_CONVERSION = YES;
				CLANG_WARN_OBJC_ROOT_CLASS = YES_ERROR;
				CLANG_WARN_UNREACHABLE_CODE = YES;
				CLANG_WARN__DUPLICATE_METHOD_MATCH = YES;
				CODE_SIGN_IDENTITY = "-";
				COPY_PHASE_STRIP = NO;
				DEBUG_INFORMATION_FORMAT = dwarf;
				ENABLE_STRICT_OBJC_MSGSEND = YES;
				ENABLE_TESTABILITY = YES;
				GCC_C_LANGUAGE_STANDARD = gnu99;
				GCC_DYNAMIC_NO_PIC = NO;
				GCC_NO_COMMON_BLOCKS = YES;
				GCC_OPTIMIZATION_LEVEL = 0;
				GCC_PREPROCESSOR_DEFINITIONS = (
					"DEBUG=1",
					"$(inherited)",
				);
				GCC_WARN_64_TO_32_BIT_CONVERSION = YES;
				GCC_WARN_ABOUT_RETURN_TYPE = YES_ERROR;
				GCC_WARN_UNDECLARED_SELECTOR = YES;
				GCC_WARN_UNINITIALIZED_AUTOS = YES_AGGRESSIVE;
				GCC_WARN_UNUSED_FUNCTION = YES;
				GCC_WARN_UNUSED_VARIABLE = YES;
				MACOSX_DEPLOYMENT_TARGET = 10.11;
				MTL_ENABLE_DEBUG_INFO = YES;
				ONLY_ACTIVE_ARCH = YES;
				SDKROOT = macosx;
			};
			name = Debug;
		};
		6DD34E111D67EAD20048EE9A /* Release */ = {
			isa = XCBuildConfiguration;
			buildSettings = {
				ALWAYS_SEARCH_USER_PATHS = NO;
				CLANG_ANALYZER_NONNULL = YES;
				CLANG_CXX_LANGUAGE_STANDARD = "gnu++0x";
				CLANG_CXX_LIBRARY = "libc++";
				CLANG_ENABLE_MODULES = YES;
				CLANG_ENABLE_OBJC_ARC = YES;
				CLANG_WARN_BOOL_CONVERSION = YES;
				CLANG_WARN_CONSTANT_CONVERSION = YES;
				CLANG_WARN_DIRECT_OBJC_ISA_USAGE = YES_ERROR;
				CLANG_WARN_EMPTY_BODY = YES;
				CLANG_WARN_ENUM_CONVERSION = YES;
				CLANG_WARN_INT_CONVERSION = YES;
				CLANG_WARN_OBJC_ROOT_CLASS = YES_ERROR;
				CLANG_WARN_UNREACHABLE_CODE = YES;
				CLANG_WARN__DUPLICATE_METHOD_MATCH = YES;
				CODE_SIGN_IDENTITY = "-";
				COPY_PHASE_STRIP = NO;
				DEBUG_INFORMATION_FORMAT = "dwarf-with-dsym";
				ENABLE_NS_ASSERTIONS = NO;
				ENABLE_STRICT_OBJC_MSGSEND = YES;
				GCC_C_LANGUAGE_STANDARD = gnu99;
				GCC_NO_COMMON_BLOCKS = YES;
				GCC_WARN_64_TO_32_BIT_CONVERSION = YES;
				GCC_WARN_ABOUT_RETURN_TYPE = YES_ERROR;
				GCC_WARN_UNDECLARED_SELECTOR = YES;
				GCC_WARN_UNINITIALIZED_AUTOS = YES_AGGRESSIVE;
				GCC_WARN_UNUSED_FUNCTION = YES;
				GCC_WARN_UNUSED_VARIABLE = YES;
				MACOSX_DEPLOYMENT_TARGET = 10.11;
				MTL_ENABLE_DEBUG_INFO = NO;
				SDKROOT = macosx;
			};
			name = Release;
		};
		6DD34E131D67EAD20048EE9A /* Debug */ = {
			isa = XCBuildConfiguration;
			buildSettings = {
				EXECUTABLE_PREFIX = lib;
				GCC_ENABLE_CPP_EXCEPTIONS = YES;
				GCC_ENABLE_CPP_RTTI = YES;
				PRODUCT_NAME = "$(TARGET_NAME)";
			};
			name = Debug;
		};
		6DD34E141D67EAD20048EE9A /* Release */ = {
			isa = XCBuildConfiguration;
			buildSettings = {
				EXECUTABLE_PREFIX = lib;
				GCC_ENABLE_CPP_EXCEPTIONS = YES;
				GCC_ENABLE_CPP_RTTI = YES;
				PRODUCT_NAME = "$(TARGET_NAME)";
			};
			name = Release;
		};
/* End XCBuildConfiguration section */

/* Begin XCConfigurationList section */
		6DD34E021D67EAD20048EE9A /* Build configuration list for PBXProject "lodepng" */ = {
			isa = XCConfigurationList;
			buildConfigurations = (
				6DD34E101D67EAD20048EE9A /* Debug */,
				6DD34E111D67EAD20048EE9A /* Release */,
			);
			defaultConfigurationIsVisible = 0;
			defaultConfigurationName = Release;
		};
		6DD34E121D67EAD20048EE9A /* Build configuration list for PBXNativeTarget "lodepng" */ = {
			isa = XCConfigurationList;
			buildConfigurations = (
				6DD34E131D67EAD20048EE9A /* Debug */,
				6DD34E141D67EAD20048EE9A /* Release */,
			);
			defaultConfigurationIsVisible = 0;
			defaultConfigurationName = Release;
		};
/* End XCConfigurationList section */
	};
	rootObject = 6DD34DFF1D67EAD20048EE9A /* Project object */;
}
